PODS:
  - SunbeamUserDefaultService (0.1.2)

DEPENDENCIES:
  - SunbeamUserDefaultService (from `../`)

EXTERNAL SOURCES:
  SunbeamUserDefaultService:
    :path: ../

SPEC CHECKSUMS:
  SunbeamUserDefaultService: 96d98a98ba4c574c1fb1acac9d5f234eb28c4c78

PODFILE CHECKSUM: 8ed3b3bbd6ada5f50d2b2835d0299cce836561a0

COCOAPODS: 1.0.1
